
Microsoft Visual Studio Solution File, Format Version 12.00
# Visual Studio 15
VisualStudioVersion = 15.0.26430.13
MinimumVisualStudioVersion = 10.0.40219.1
Project("{FAE04EC0-301F-11D3-BF4B-00C04F79EFBC}") = "Daves.DeepDateUpdater", "Daves.DeepDateUpdater\Daves.DeepDateUpdater.csproj", "{53E5444D-524B-4583-ABE1-E0D21C129FB3}"
EndProject
Project("{2150E333-8FDC-42A3-9474-1A3956D46DE8}") = "Solution Items", "Solution Items", "{E47408CD-8DA5-4184-BBC8-C6A51E4EDBF6}"
	ProjectSection(SolutionItems) = preProject
		.gitignore = .gitignore
		LICENSE = LICENSE
		README.md = README.md
	EndProjectSection
EndProject
Project("{FAE04EC0-301F-11D3-BF4B-00C04F79EFBC}") = "Daves.DeepDateUpdater.UnitTests", "Daves.DeepDateUpdater.UnitTests\Daves.DeepDateUpdater.UnitTests.csproj", "{DE8D5E9D-6775-42AC-8A78-85238638E168}"
EndProject
Project("{00D1A9C2-B5F0-4AF3-8072-F6C62B433612}") = "Daves.DeepDateUpdater.IntegrationTests.Database", "Daves.DeepDateUpdater.IntegrationTests.Database\Daves.DeepDateUpdater.IntegrationTests.Database.sqlproj", "{F8215421-BD66-43D9-8812-28CFDEADD328}"
EndProject
Project("{FAE04EC0-301F-11D3-BF4B-00C04F79EFBC}") = "Daves.DeepDateUpdater.IntegrationTests", "Daves.DeepDateUpdater.IntegrationTests\Daves.DeepDateUpdater.IntegrationTests.csproj", "{F3CCC756-591A-4020-A6A3-6CB11AEF4715}"
EndProject
Global
	GlobalSection(SolutionConfigurationPlatforms) = preSolution
		Debug|Any CPU = Debug|Any CPU
		Release|Any CPU = Release|Any CPU
	EndGlobalSection
	GlobalSection(ProjectConfigurationPlatforms) = postSolution
		{53E5444D-524B-4583-ABE1-E0D21C129FB3}.Debug|Any CPU.ActiveCfg = Debug|Any CPU
		{53E5444D-524B-4583-ABE1-E0D21C129FB3}.Debug|Any CPU.Build.0 = Debug|Any CPU
		{53E5444D-524B-4583-ABE1-E0D21C129FB3}.Release|Any CPU.ActiveCfg = Release|Any CPU
		{53E5444D-524B-4583-ABE1-E0D21C129FB3}.Release|Any CPU.Build.0 = Release|Any CPU
		{DE8D5E9D-6775-42AC-8A78-85238638E168}.Debug|Any CPU.ActiveCfg = Debug|Any CPU
		{DE8D5E9D-6775-42AC-8A78-85238638E168}.Debug|Any CPU.Build.0 = Debug|Any CPU
		{DE8D5E9D-6775-42AC-8A78-85238638E168}.Release|Any CPU.ActiveCfg = Release|Any CPU
		{DE8D5E9D-6775-42AC-8A78-85238638E168}.Release|Any CPU.Build.0 = Release|Any CPU
		{F8215421-BD66-43D9-8812-28CFDEADD328}.Debug|Any CPU.ActiveCfg = Debug|Any CPU
		{F8215421-BD66-43D9-8812-28CFDEADD328}.Debug|Any CPU.Build.0 = Debug|Any CPU
		{F8215421-BD66-43D9-8812-28CFDEADD328}.Debug|Any CPU.Deploy.0 = Debug|Any CPU
		{F8215421-BD66-43D9-8812-28CFDEADD328}.Release|Any CPU.ActiveCfg = Release|Any CPU
		{F8215421-BD66-43D9-8812-28CFDEADD328}.Release|Any CPU.Build.0 = Release|Any CPU
		{F8215421-BD66-43D9-8812-28CFDEADD328}.Release|Any CPU.Deploy.0 = Release|Any CPU
		{F3CCC756-591A-4020-A6A3-6CB11AEF4715}.Debug|Any CPU.ActiveCfg = Debug|Any CPU
		{F3CCC756-591A-4020-A6A3-6CB11AEF4715}.Debug|Any CPU.Build.0 = Debug|Any CPU
		{F3CCC756-591A-4020-A6A3-6CB11AEF4715}.Release|Any CPU.ActiveCfg = Release|Any CPU
		{F3CCC756-591A-4020-A6A3-6CB11AEF4715}.Release|Any CPU.Build.0 = Release|Any CPU
	EndGlobalSection
	GlobalSection(SolutionProperties) = preSolution
		HideSolutionNode = FALSE
	EndGlobalSection
EndGlobal
